
Microsoft Visual Studio Solution File, Format Version 12.00
# Visual Studio 15
VisualStudioVersion = 15.0.27703.2026
MinimumVisualStudioVersion = 10.0.40219.1
Project("{9A19103F-16F7-4668-BE54-9A1E7A4F7556}") = "eCommerce.Core", "eCommerce.Core\eCommerce.Core.csproj", "{92B29606-8C08-43A6-9307-F65344B5D90B}"
EndProject
Project("{9A19103F-16F7-4668-BE54-9A1E7A4F7556}") = "eCommerce.Core.Tests", "eCommerce.Core.Tests\eCommerce.Core.Tests.csproj", "{3C4E36D1-8FA7-4272-A0B6-36E58B1A6460}"
EndProject
Project("{9A19103F-16F7-4668-BE54-9A1E7A4F7556}") = "eCommerce.WebAPI", "eCommerce.WebAPI\eCommerce.WebAPI.csproj", "{BC024FF3-58F5-46D7-AEC8-48F97483D1EA}"
EndProject
Global
	GlobalSection(SolutionConfigurationPlatforms) = preSolution
		Debug|Any CPU = Debug|Any CPU
		Release|Any CPU = Release|Any CPU
	EndGlobalSection
	GlobalSection(ProjectConfigurationPlatforms) = postSolution
		{92B29606-8C08-43A6-9307-F65344B5D90B}.Debug|Any CPU.ActiveCfg = Debug|Any CPU
		{92B29606-8C08-43A6-9307-F65344B5D90B}.Debug|Any CPU.Build.0 = Debug|Any CPU
		{92B29606-8C08-43A6-9307-F65344B5D90B}.Release|Any CPU.ActiveCfg = Release|Any CPU
		{92B29606-8C08-43A6-9307-F65344B5D90B}.Release|Any CPU.Build.0 = Release|Any CPU
		{3C4E36D1-8FA7-4272-A0B6-36E58B1A6460}.Debug|Any CPU.ActiveCfg = Debug|Any CPU
		{3C4E36D1-8FA7-4272-A0B6-36E58B1A6460}.Debug|Any CPU.Build.0 = Debug|Any CPU
		{3C4E36D1-8FA7-4272-A0B6-36E58B1A6460}.Release|Any CPU.ActiveCfg = Release|Any CPU
		{3C4E36D1-8FA7-4272-A0B6-36E58B1A6460}.Release|Any CPU.Build.0 = Release|Any CPU
		{BC024FF3-58F5-46D7-AEC8-48F97483D1EA}.Debug|Any CPU.ActiveCfg = Debug|Any CPU
		{BC024FF3-58F5-46D7-AEC8-48F97483D1EA}.Debug|Any CPU.Build.0 = Debug|Any CPU
		{BC024FF3-58F5-46D7-AEC8-48F97483D1EA}.Release|Any CPU.ActiveCfg = Release|Any CPU
		{BC024FF3-58F5-46D7-AEC8-48F97483D1EA}.Release|Any CPU.Build.0 = Release|Any CPU
	EndGlobalSection
	GlobalSection(SolutionProperties) = preSolution
		HideSolutionNode = FALSE
	EndGlobalSection
	GlobalSection(ExtensibilityGlobals) = postSolution
		SolutionGuid = {953E0A83-5BD0-4655-A373-FD306D8EBBC5}
	EndGlobalSection
EndGlobal
